
Microsoft Visual Studio Solution File, Format Version 12.00
# Visual Studio Version 17
VisualStudioVersion = 17.8.34511.84
MinimumVisualStudioVersion = 10.0.40219.1
Project("{888888A0-9F3D-457C-B088-3A5042F75D52}") = "ClinVAR Categorization", "ClinVAR Categorization.pyproj", "{7947BA8A-D94C-43DD-99EF-C1ECB60716A2}"
EndProject
Global
	GlobalSection(SolutionConfigurationPlatforms) = preSolution
		Debug|Any CPU = Debug|Any CPU
		Release|Any CPU = Release|Any CPU
	EndGlobalSection
	GlobalSection(ProjectConfigurationPlatforms) = postSolution
		{7947BA8A-D94C-43DD-99EF-C1ECB60716A2}.Debug|Any CPU.ActiveCfg = Debug|Any CPU
		{7947BA8A-D94C-43DD-99EF-C1ECB60716A2}.Release|Any CPU.ActiveCfg = Release|Any CPU
	EndGlobalSection
	GlobalSection(SolutionProperties) = preSolution
		HideSolutionNode = FALSE
	EndGlobalSection
	GlobalSection(ExtensibilityGlobals) = postSolution
		SolutionGuid = {67C08354-FF9E-43F3-B75B-4B58D55B367F}
	EndGlobalSection
EndGlobal
